
Microsoft Visual Studio Solution File, Format Version 12.00
# Visual Studio Version 16
VisualStudioVersion = 16.0.33927.289
MinimumVisualStudioVersion = 10.0.40219.1
Project("{F184B08F-C81C-45F6-A57F-5ABD9991F28F}") = "Calculator", "Calculator\Calculator.vbproj", "{35535E4A-DF14-4BDC-AF38-7CFCB2E853CC}"
EndProject
Global
	GlobalSection(SolutionConfigurationPlatforms) = preSolution
		Debug|Any CPU = Debug|Any CPU
		Release|Any CPU = Release|Any CPU
	EndGlobalSection
	GlobalSection(ProjectConfigurationPlatforms) = postSolution
		{35535E4A-DF14-4BDC-AF38-7CFCB2E853CC}.Debug|Any CPU.ActiveCfg = Debug|Any CPU
		{35535E4A-DF14-4BDC-AF38-7CFCB2E853CC}.Debug|Any CPU.Build.0 = Debug|Any CPU
		{35535E4A-DF14-4BDC-AF38-7CFCB2E853CC}.Release|Any CPU.ActiveCfg = Release|Any CPU
		{35535E4A-DF14-4BDC-AF38-7CFCB2E853CC}.Release|Any CPU.Build.0 = Release|Any CPU
	EndGlobalSection
	GlobalSection(SolutionProperties) = preSolution
		HideSolutionNode = FALSE
	EndGlobalSection
	GlobalSection(ExtensibilityGlobals) = postSolution
		SolutionGuid = {175E35B5-D372-45DD-8897-0DFC34C2FD3D}
	EndGlobalSection
EndGlobal
